// !$*UTF8*$!
{
	archiveVersion = 1;
	classes = {
	};
	objectVersion = 46;
	objects = {

/* Begin PBXBuildFile section */
		F7FCDB641C77C4E000CB10BE /* AppDelegate.swift in Sources */ = {isa = PBXBuildFile; fileRef = F7FCDB631C77C4E000CB10BE /* AppDelegate.swift */; };
		F7FCDB661C77C4E100CB10BE /* ViewController.swift in Sources */ = {isa = PBXBuildFile; fileRef = F7FCDB651C77C4E000CB10BE /* ViewController.swift */; };
		F7FCDB691C77C4E100CB10BE /* Main.storyboard in Resources */ = {isa = PBXBuildFile; fileRef = F7FCDB671C77C4E100CB10BE /* Main.storyboard */; };
		F7FCDB6B1C77C4E100CB10BE /* Assets.xcassets in Resources */ = {isa = PBXBuildFile; fileRef = F7FCDB6A1C77C4E100CB10BE /* Assets.xcassets */; };
		F7FCDB6E1C77C4E100CB10BE /* LaunchScreen.storyboard in Resources */ = {isa = PBXBuildFile; fileRef = F7FCDB6C1C77C4E100CB10BE /* LaunchScreen.storyboard */; };
		F7FCDB761C77D2AE00CB10BE /* DetailVC.swift in Sources */ = {isa = PBXBuildFile; fileRef = F7FCDB751C77D2AE00CB10BE /* DetailVC.swift */; };
/* End PBXBuildFile section */

/* Begin PBXFileReference section */
		F7FCDB601C77C4E000CB10BE /* favoritePlace.app */ = {isa = PBXFileReference; explicitFileType = wrapper.application; includeInIndex = 0; path = favoritePlace.app; sourceTree = BUILT_PRODUCTS_DIR; };
		F7FCDB631C77C4E000CB10BE /* AppDelegate.swift */ = {isa = PBXFileReference; lastKnownFileType = sourcecode.swift; path = AppDelegate.swift; sourceTree = "<group>"; };
		F7FCDB651C77C4E000CB10BE /* ViewController.swift */ = {isa = PBXFileReference; lastKnownFileType = sourcecode.swift; path = ViewController.swift; sourceTree = "<group>"; };
		F7FCDB681C77C4E100CB10BE /* Base */ = {isa = PBXFileReference; lastKnownFileType = file.storyboard; name = Base; path = Base.lproj/Main.storyboard; sourceTree = "<group>"; };
		F7FCDB6A1C77C4E100CB10BE /* Assets.xcassets */ = {isa = PBXFileReference; lastKnownFileType = folder.assetcatalog; path = Assets.xcassets; sourceTree = "<group>"; };
		F7FCDB6D1C77C4E100CB10BE /* Base */ = {isa = PBXFileReference; lastKnownFileType = file.storyboard; name = Base; path = Base.lproj/LaunchScreen.storyboard; sourceTree = "<group>"; };
		F7FCDB6F1C77C4E100CB10BE /* Info.plist */ = {isa = PBXFileReference; lastKnownFileType = text.plist.xml; path = Info.plist; sourceTree = "<group>"; };
		F7FCDB751C77D2AE00CB10BE /* DetailVC.swift */ = {isa = PBXFileReference; fileEncoding = 4; lastKnownFileType = sourcecode.swift; path = DetailVC.swift; sourceTree = "<group>"; };
/* End PBXFileReference section */

/* Begin PBXFrameworksBuildPhase section */
		F7FCDB5D1C77C4E000CB10BE /* Frameworks */ = {
			isa = PBXFrameworksBuildPhase;
			buildActionMask = 2147483647;
			files = (
			);
			runOnlyForDeploymentPostprocessing = 0;
		};
/* End PBXFrameworksBuildPhase section */

/* Begin PBXGroup section */
		F7FCDB571C77C4E000CB10BE = {
			isa = PBXGroup;
			children = (
				F7FCDB621C77C4E000CB10BE /* favoritePlace */,
				F7FCDB611C77C4E000CB10BE /* Products */,
			);
			sourceTree = "<group>";
		};
		F7FCDB611C77C4E000CB10BE /* Products */ = {
			isa = PBXGroup;
			children = (
				F7FCDB601C77C4E000CB10BE /* favoritePlace.app */,
			);
			name = Products;
			sourceTree = "<group>";
		};
		F7FCDB621C77C4E000CB10BE /* favoritePlace */ = {
			isa = PBXGroup;
			children = (
				F7FCDB631C77C4E000CB10BE /* AppDelegate.swift */,
				F7FCDB651C77C4E000CB10BE /* ViewController.swift */,
				F7FCDB751C77D2AE00CB10BE /* DetailVC.swift */,
				F7FCDB671C77C4E100CB10BE /* Main.storyboard */,
				F7FCDB6A1C77C4E100CB10BE /* Assets.xcassets */,
				F7FCDB6C1C77C4E100CB10BE /* LaunchScreen.storyboard */,
				F7FCDB6F1C77C4E100CB10BE /* Info.plist */,
			);
			path = favoritePlace;
			sourceTree = "<group>";
		};
/* End PBXGroup section */

/* Begin PBXNativeTarget section */
		F7FCDB5F1C77C4E000CB10BE /* favoritePlace */ = {
			isa = PBXNativeTarget;
			buildConfigurationList = F7FCDB721C77C4E100CB10BE /* Build configuration list for PBXNativeTarget "favoritePlace" */;
			buildPhases = (
				F7FCDB5C1C77C4E000CB10BE /* Sources */,
				F7FCDB5D1C77C4E000CB10BE /* Frameworks */,
				F7FCDB5E1C77C4E000CB10BE /* Resources */,
			);
			buildRules = (
			);
			dependencies = (
			);
			name = favoritePlace;
			productName = favoritePlace;
			productReference = F7FCDB601C77C4E000CB10BE /* favoritePlace.app */;
			productType = "com.apple.product-type.application";
		};
/* End PBXNativeTarget section */

/* Begin PBXProject section */
		F7FCDB581C77C4E000CB10BE /* Project object */ = {
			isa = PBXProject;
			attributes = {
				LastSwiftUpdateCheck = 0720;
				LastUpgradeCheck = 0720;
				ORGANIZATIONNAME = Christella;
				TargetAttributes = {
					F7FCDB5F1C77C4E000CB10BE = {
						CreatedOnToolsVersion = 7.2;
						DevelopmentTeam = 9WQ49EN2U5;
					};
				};
			};
			buildConfigurationList = F7FCDB5B1C77C4E000CB10BE /* Build configuration list for PBXProject "favoritePlace" */;
			compatibilityVersion = "Xcode 3.2";
			developmentRegion = English;
			hasScannedForEncodings = 0;
			knownRegions = (
				en,
				Base,
			);
			mainGroup = F7FCDB571C77C4E000CB10BE;
			productRefGroup = F7FCDB611C77C4E000CB10BE /* Products */;
			projectDirPath = "";
			projectRoot = "";
			targets = (
				F7FCDB5F1C77C4E000CB10BE /* favoritePlace */,
			);
		};
/* End PBXProject section */

/* Begin PBXResourcesBuildPhase section */
		F7FCDB5E1C77C4E000CB10BE /* Resources */ = {
			isa = PBXResourcesBuildPhase;
			buildActionMask = 2147483647;
			files = (
				F7FCDB6E1C77C4E100CB10BE /* LaunchScreen.storyboard in Resources */,
				F7FCDB6B1C77C4E100CB10BE /* Assets.xcassets in Resources */,
				F7FCDB691C77C4E100CB10BE /* Main.storyboard in Resources */,
			);
			runOnlyForDeploymentPostprocessing = 0;
		};
/* End PBXResourcesBuildPhase section */

/* Begin PBXSourcesBuildPhase section */
		F7FCDB5C1C77C4E000CB10BE /* Sources */ = {
			isa = PBXSourcesBuildPhase;
			buildActionMask = 2147483647;
			files = (
				F7FCDB661C77C4E100CB10BE /* ViewController.swift in Sources */,
				F7FCDB641C77C4E000CB10BE /* AppDelegate.swift in Sources */,
				F7FCDB761C77D2AE00CB10BE /* DetailVC.swift in Sources */,
			);
			runOnlyForDeploymentPostprocessing = 0;
		};
/* End PBXSourcesBuildPhase section */

/* Begin PBXVariantGroup section */
		F7FCDB671C77C4E100CB10BE /* Main.storyboard */ = {
			isa = PBXVariantGroup;
			children = (
				F7FCDB681C77C4E100CB10BE /* Base */,
			);
			name = Main.storyboard;
			sourceTree = "<group>";
		};
		F7FCDB6C1C77C4E100CB10BE /* LaunchScreen.storyboard */ = {
			isa = PBXVariantGroup;
			children = (
				F7FCDB6D1C77C4E100CB10BE /* Base */,
			);
			name = LaunchScreen.storyboard;
			sourceTree = "<group>";
		};
/* End PBXVariantGroup section */

/* Begin XCBuildConfiguration section */
		F7FCDB701C77C4E100CB10BE /* Debug */ = {
			isa = XCBuildConfiguration;
			buildSettings = {
				ALWAYS_SEARCH_USER_PATHS = NO;
				CLANG_CXX_LANGUAGE_STANDARD = "gnu++0x";
				CLANG_CXX_LIBRARY = "libc++";
				CLANG_ENABLE_MODULES = YES;
				CLANG_ENABLE_OBJC_ARC = YES;
				CLANG_WARN_BOOL_CONVERSION = YES;
				CLANG_WARN_CONSTANT_CONVERSION = YES;
				CLANG_WARN_DIRECT_OBJC_ISA_USAGE = YES_ERROR;
				CLANG_WARN_EMPTY_BODY = YES;
				CLANG_WARN_ENUM_CONVERSION = YES;
				CLANG_WARN_INT_CONVERSION = YES;
				CLANG_WARN_OBJC_ROOT_CLASS = YES_ERROR;
				CLANG_WARN_UNREACHABLE_CODE = YES;
				CLANG_WARN__DUPLICATE_METHOD_MATCH = YES;
				"CODE_SIGN_IDENTITY[sdk=iphoneos*]" = "iPhone Developer";
				COPY_PHASE_STRIP = NO;
				DEBUG_INFORMATION_FORMAT = dwarf;
				ENABLE_STRICT_OBJC_MSGSEND = YES;
				ENABLE_TESTABILITY = YES;
				GCC_C_LANGUAGE_STANDARD = gnu99;
				GCC_DYNAMIC_NO_PIC = NO;
				GCC_NO_COMMON_BLOCKS = YES;
				GCC_OPTIMIZATION_LEVEL = 0;
				GCC_PREPROCESSOR_DEFINITIONS = (
					"DEBUG=1",
					"$(inherited)",
				);
				GCC_WARN_64_TO_32_BIT_CONVERSION = YES;
				GCC_WARN_ABOUT_RETURN_TYPE = YES_ERROR;
				GCC_WARN_UNDECLARED_SELECTOR = YES;
				GCC_WARN_UNINITIALIZED_AUTOS = YES_AGGRESSIVE;
				GCC_WARN_UNUSED_FUNCTION = YES;
				GCC_WARN_UNUSED_VARIABLE = YES;
				IPHONEOS_DEPLOYMENT_TARGET = 9.2;
				MTL_ENABLE_DEBUG_INFO = YES;
				ONLY_ACTIVE_ARCH = YES;
				SDKROOT = iphoneos;
				SWIFT_OPTIMIZATION_LEVEL = "-Onone";
				TARGETED_DEVICE_FAMILY = "1,2";
			};
			name = Debug;
		};
		F7FCDB711C77C4E100CB10BE /* Release */ = {
			isa = XCBuildConfiguration;
			buildSettings = {
				ALWAYS_SEARCH_USER_PATHS = NO;
				CLANG_CXX_LANGUAGE_STANDARD = "gnu++0x";
				CLANG_CXX_LIBRARY = "libc++";
				CLANG_ENABLE_MODULES = YES;
				CLANG_ENABLE_OBJC_ARC = YES;
				CLANG_WARN_BOOL_CONVERSION = YES;
				CLANG_WARN_CONSTANT_CONVERSION = YES;
				CLANG_WARN_DIRECT_OBJC_ISA_USAGE = YES_ERROR;
				CLANG_WARN_EMPTY_BODY = YES;
				CLANG_WARN_ENUM_CONVERSION = YES;
				CLANG_WARN_INT_CONVERSION = YES;
				CLANG_WARN_OBJC_ROOT_CLASS = YES_ERROR;
				CLANG_WARN_UNREACHABLE_CODE = YES;
				CLANG_WARN__DUPLICATE_METHOD_MATCH = YES;
				"CODE_SIGN_IDENTITY[sdk=iphoneos*]" = "iPhone Developer";
				COPY_PHASE_STRIP = NO;
				DEBUG_INFORMATION_FORMAT = "dwarf-with-dsym";
				ENABLE_NS_ASSERTIONS = NO;
				ENABLE_STRICT_OBJC_MSGSEND = YES;
				GCC_C_LANGUAGE_STANDARD = gnu99;
				GCC_NO_COMMON_BLOCKS = YES;
				GCC_WARN_64_TO_32_BIT_CONVERSION = YES;
				GCC_WARN_ABOUT_RETURN_TYPE = YES_ERROR;
				GCC_WARN_UNDECLARED_SELECTOR = YES;
				GCC_WARN_UNINITIALIZED_AUTOS = YES_AGGRESSIVE;
				GCC_WARN_UNUSED_FUNCTION = YES;
				GCC_WARN_UNUSED_VARIABLE = YES;
				IPHONEOS_DEPLOYMENT_TARGET = 9.2;
				MTL_ENABLE_DEBUG_INFO = NO;
				SDKROOT = iphoneos;
				TARGETED_DEVICE_FAMILY = "1,2";
				VALIDATE_PRODUCT = YES;
			};
			name = Release;
		};
		F7FCDB731C77C4E100CB10BE /* Debug */ = {
			isa = XCBuildConfiguration;
			buildSettings = {
				ASSETCATALOG_COMPILER_APPICON_NAME = AppIcon;
				INFOPLIST_FILE = favoritePlace/Info.plist;
				LD_RUNPATH_SEARCH_PATHS = "$(inherited) @executable_path/Frameworks";
				PRODUCT_BUNDLE_IDENTIFIER = com.christella.favoritePlace;
				PRODUCT_NAME = "$(TARGET_NAME)";
			};
			name = Debug;
		};
		F7FCDB741C77C4E100CB10BE /* Release */ = {
			isa = XCBuildConfiguration;
			buildSettings = {
				ASSETCATALOG_COMPILER_APPICON_NAME = AppIcon;
				INFOPLIST_FILE = favoritePlace/Info.plist;
				LD_RUNPATH_SEARCH_PATHS = "$(inherited) @executable_path/Frameworks";
				PRODUCT_BUNDLE_IDENTIFIER = com.christella.favoritePlace;
				PRODUCT_NAME = "$(TARGET_NAME)";
			};
			name = Release;
		};
/* End XCBuildConfiguration section */

/* Begin XCConfigurationList section */
		F7FCDB5B1C77C4E000CB10BE /* Build configuration list for PBXProject "favoritePlace" */ = {
			isa = XCConfigurationList;
			buildConfigurations = (
				F7FCDB701C77C4E100CB10BE /* Debug */,
				F7FCDB711C77C4E100CB10BE /* Release */,
			);
			defaultConfigurationIsVisible = 0;
			defaultConfigurationName = Release;
		};
		F7FCDB721C77C4E100CB10BE /* Build configuration list for PBXNativeTarget "favoritePlace" */ = {
			isa = XCConfigurationList;
			buildConfigurations = (
				F7FCDB731C77C4E100CB10BE /* Debug */,
				F7FCDB741C77C4E100CB10BE /* Release */,
			);
			defaultConfigurationIsVisible = 0;
		};
/* End XCConfigurationList section */
	};
	rootObject = F7FCDB581C77C4E000CB10BE /* Project object */;
}
